
Microsoft Visual Studio Solution File, Format Version 12.00
# Visual Studio Version 17
VisualStudioVersion = 17.5.33424.131
MinimumVisualStudioVersion = 10.0.40219.1
Project("{FAE04EC0-301F-11D3-BF4B-00C04F79EFBC}") = "ProgramaTabuada", "ProgramaTabuada\ProgramaTabuada.csproj", "{C227EBC6-6DD2-43BC-A6A5-3CBB468B3EC2}"
EndProject
Global
	GlobalSection(SolutionConfigurationPlatforms) = preSolution
		Debug|Any CPU = Debug|Any CPU
		Release|Any CPU = Release|Any CPU
	EndGlobalSection
	GlobalSection(ProjectConfigurationPlatforms) = postSolution
		{C227EBC6-6DD2-43BC-A6A5-3CBB468B3EC2}.Debug|Any CPU.ActiveCfg = Debug|Any CPU
		{C227EBC6-6DD2-43BC-A6A5-3CBB468B3EC2}.Debug|Any CPU.Build.0 = Debug|Any CPU
		{C227EBC6-6DD2-43BC-A6A5-3CBB468B3EC2}.Release|Any CPU.ActiveCfg = Release|Any CPU
		{C227EBC6-6DD2-43BC-A6A5-3CBB468B3EC2}.Release|Any CPU.Build.0 = Release|Any CPU
	EndGlobalSection
	GlobalSection(SolutionProperties) = preSolution
		HideSolutionNode = FALSE
	EndGlobalSection
	GlobalSection(ExtensibilityGlobals) = postSolution
		SolutionGuid = {6D88EE1D-9B09-4B97-ABFA-87B450389841}
	EndGlobalSection
EndGlobal
